
Microsoft Visual Studio Solution File, Format Version 12.00
# Visual Studio 15
VisualStudioVersion = 15.0.28307.902
MinimumVisualStudioVersion = 10.0.40219.1
Project("{FAE04EC0-301F-11D3-BF4B-00C04F79EFBC}") = "LoxScript", "LoxScript\LoxScript.csproj", "{BAACB847-DD68-4037-9D94-FB987397E01C}"
EndProject
Project("{FAE04EC0-301F-11D3-BF4B-00C04F79EFBC}") = "GenerateGrammar", "GenerateGrammar\GenerateGrammar.csproj", "{B4BA5A2C-273E-4DDE-850B-9E2AB25C408C}"
EndProject
Global
	GlobalSection(SolutionConfigurationPlatforms) = preSolution
		Debug|Any CPU = Debug|Any CPU
		Release|Any CPU = Release|Any CPU
	EndGlobalSection
	GlobalSection(ProjectConfigurationPlatforms) = postSolution
		{BAACB847-DD68-4037-9D94-FB987397E01C}.Debug|Any CPU.ActiveCfg = Debug|Any CPU
		{BAACB847-DD68-4037-9D94-FB987397E01C}.Debug|Any CPU.Build.0 = Debug|Any CPU
		{BAACB847-DD68-4037-9D94-FB987397E01C}.Release|Any CPU.ActiveCfg = Release|Any CPU
		{BAACB847-DD68-4037-9D94-FB987397E01C}.Release|Any CPU.Build.0 = Release|Any CPU
		{B4BA5A2C-273E-4DDE-850B-9E2AB25C408C}.Debug|Any CPU.ActiveCfg = Debug|Any CPU
		{B4BA5A2C-273E-4DDE-850B-9E2AB25C408C}.Debug|Any CPU.Build.0 = Debug|Any CPU
		{B4BA5A2C-273E-4DDE-850B-9E2AB25C408C}.Release|Any CPU.ActiveCfg = Release|Any CPU
		{B4BA5A2C-273E-4DDE-850B-9E2AB25C408C}.Release|Any CPU.Build.0 = Release|Any CPU
	EndGlobalSection
	GlobalSection(SolutionProperties) = preSolution
		HideSolutionNode = FALSE
	EndGlobalSection
	GlobalSection(ExtensibilityGlobals) = postSolution
		SolutionGuid = {E2611F0A-2A01-4999-9CFD-D47690301944}
	EndGlobalSection
EndGlobal
